{
  "name": "smb-enumerate-files",
  "version": "1.0.3",
  "lockfileVersion": 2,
  "requires": true,
  "packages": {
    "": {
      "version": "1.0.3",
      "license": "ISC",
      "dependencies": {
        "ntlm": "^0.1.3"
      }
    },
    "node_modules/ntlm": {
      "version": "0.1.3",
      "resolved": "https://registry.npmjs.org/ntlm/-/ntlm-0.1.3.tgz",
      "integrity": "sha1-O4FOvFMKHmzXEtzwz1kBVZMRlcE=",
      "engines": [
        "node"
      ]
    }
  },
  "dependencies": {
    "ntlm": {
      "version": "0.1.3",
      "resolved": "https://registry.npmjs.org/ntlm/-/ntlm-0.1.3.tgz",
      "integrity": "sha1-O4FOvFMKHmzXEtzwz1kBVZMRlcE="
    }
  }
}
